{
  "name": "vinylfort",
  "version": "1.0.0",
  "lockfileVersion": 3,
  "requires": true,
  "packages": {
    "": {
      "name": "vinylfort",
      "version": "1.0.0",
      "devDependencies": {
        "eslint-plugin-security": "file:tools/eslint-plugin-security"
      },
      "engines": {
        "node": ">=20"
      }
    },
    "node_modules/eslint-plugin-security": {
      "resolved": "tools/eslint-plugin-security",
      "link": true
    },
    "tools/eslint-plugin-security": {
      "version": "0.0.0-local",
      "dev": true
    }
  }
}
